// !$*UTF8*$!
{
	archiveVersion = 1;
	classes = {
	};
	objectVersion = 56;
	objects = {

/* Begin PBXBuildFile section */
		1F02EA192C31A04B00A92002 /* LaunchButton.swift in Sources */ = {isa = PBXBuildFile; fileRef = 1F02EA182C31A04B00A92002 /* LaunchButton.swift */; };
		1F02EA1B2C31A0D000A92002 /* CountDownIndicator.swift in Sources */ = {isa = PBXBuildFile; fileRef = 1F02EA1A2C31A0D000A92002 /* CountDownIndicator.swift */; };
		1F02EA1D2C31A13700A92002 /* Launch.swift in Sources */ = {isa = PBXBuildFile; fileRef = 1F02EA1C2C31A13700A92002 /* Launch.swift */; };
		1FCFA2842C319FDA00B7215A /* RocketLauncherApp.swift in Sources */ = {isa = PBXBuildFile; fileRef = 1FCFA2832C319FDA00B7215A /* RocketLauncherApp.swift */; };
		1FCFA2862C319FDA00B7215A /* ContentView.swift in Sources */ = {isa = PBXBuildFile; fileRef = 1FCFA2852C319FDA00B7215A /* ContentView.swift */; };
		1FCFA2882C319FDB00B7215A /* Assets.xcassets in Resources */ = {isa = PBXBuildFile; fileRef = 1FCFA2872C319FDB00B7215A /* Assets.xcassets */; };
		1FCFA28B2C319FDB00B7215A /* Preview Assets.xcassets in Resources */ = {isa = PBXBuildFile; fileRef = 1FCFA28A2C319FDB00B7215A /* Preview Assets.xcassets */; };
		1FCFA2952C319FDB00B7215A /* RocketLauncherTests.swift in Sources */ = {isa = PBXBuildFile; fileRef = 1FCFA2942C319FDB00B7215A /* RocketLauncherTests.swift */; };
		1FCFA29F2C319FDC00B7215A /* RocketLauncherUITests.swift in Sources */ = {isa = PBXBuildFile; fileRef = 1FCFA29E2C319FDC00B7215A /* RocketLauncherUITests.swift */; };
		1FCFA2A12C319FDC00B7215A /* RocketLauncherUITestsLaunchTests.swift in Sources */ = {isa = PBXBuildFile; fileRef = 1FCFA2A02C319FDC00B7215A /* RocketLauncherUITestsLaunchTests.swift */; };
/* End PBXBuildFile section */

/* Begin PBXContainerItemProxy section */
		1FCFA2912C319FDB00B7215A /* PBXContainerItemProxy */ = {
			isa = PBXContainerItemProxy;
			containerPortal = 1FCFA2782C319FDA00B7215A /* Project object */;
			proxyType = 1;
			remoteGlobalIDString = 1FCFA27F2C319FDA00B7215A;
			remoteInfo = RocketLauncher;
		};
		1FCFA29B2C319FDB00B7215A /* PBXContainerItemProxy */ = {
			isa = PBXContainerItemProxy;
			containerPortal = 1FCFA2782C319FDA00B7215A /* Project object */;
			proxyType = 1;
			remoteGlobalIDString = 1FCFA27F2C319FDA00B7215A;
			remoteInfo = RocketLauncher;
		};
/* End PBXContainerItemProxy section */

/* Begin PBXFileReference section */
		1F02EA182C31A04B00A92002 /* LaunchButton.swift */ = {isa = PBXFileReference; lastKnownFileType = sourcecode.swift; path = LaunchButton.swift; sourceTree = "<group>"; };
		1F02EA1A2C31A0D000A92002 /* CountDownIndicator.swift */ = {isa = PBXFileReference; lastKnownFileType = sourcecode.swift; path = CountDownIndicator.swift; sourceTree = "<group>"; };
		1F02EA1C2C31A13700A92002 /* Launch.swift */ = {isa = PBXFileReference; lastKnownFileType = sourcecode.swift; path = Launch.swift; sourceTree = "<group>"; };
		1FCFA2802C319FDA00B7215A /* RocketLauncher.app */ = {isa = PBXFileReference; explicitFileType = wrapper.application; includeInIndex = 0; path = RocketLauncher.app; sourceTree = BUILT_PRODUCTS_DIR; };
		1FCFA2832C319FDA00B7215A /* RocketLauncherApp.swift */ = {isa = PBXFileReference; lastKnownFileType = sourcecode.swift; path = RocketLauncherApp.swift; sourceTree = "<group>"; };
		1FCFA2852C319FDA00B7215A /* ContentView.swift */ = {isa = PBXFileReference; lastKnownFileType = sourcecode.swift; path = ContentView.swift; sourceTree = "<group>"; };
		1FCFA2872C319FDB00B7215A /* Assets.xcassets */ = {isa = PBXFileReference; lastKnownFileType = folder.assetcatalog; path = Assets.xcassets; sourceTree = "<group>"; };
		1FCFA28A2C319FDB00B7215A /* Preview Assets.xcassets */ = {isa = PBXFileReference; lastKnownFileType = folder.assetcatalog; path = "Preview Assets.xcassets"; sourceTree = "<group>"; };
		1FCFA2902C319FDB00B7215A /* RocketLauncherTests.xctest */ = {isa = PBXFileReference; explicitFileType = wrapper.cfbundle; includeInIndex = 0; path = RocketLauncherTests.xctest; sourceTree = BUILT_PRODUCTS_DIR; };
		1FCFA2942C319FDB00B7215A /* RocketLauncherTests.swift */ = {isa = PBXFileReference; lastKnownFileType = sourcecode.swift; path = RocketLauncherTests.swift; sourceTree = "<group>"; };
		1FCFA29A2C319FDB00B7215A /* RocketLauncherUITests.xctest */ = {isa = PBXFileReference; explicitFileType = wrapper.cfbundle; includeInIndex = 0; path = RocketLauncherUITests.xctest; sourceTree = BUILT_PRODUCTS_DIR; };
		1FCFA29E2C319FDC00B7215A /* RocketLauncherUITests.swift */ = {isa = PBXFileReference; lastKnownFileType = sourcecode.swift; path = RocketLauncherUITests.swift; sourceTree = "<group>"; };
		1FCFA2A02C319FDC00B7215A /* RocketLauncherUITestsLaunchTests.swift */ = {isa = PBXFileReference; lastKnownFileType = sourcecode.swift; path = RocketLauncherUITestsLaunchTests.swift; sourceTree = "<group>"; };
/* End PBXFileReference section */

/* Begin PBXFrameworksBuildPhase section */
		1FCFA27D2C319FDA00B7215A /* Frameworks */ = {
			isa = PBXFrameworksBuildPhase;
			buildActionMask = 2147483647;
			files = (
			);
			runOnlyForDeploymentPostprocessing = 0;
		};
		1FCFA28D2C319FDB00B7215A /* Frameworks */ = {
			isa = PBXFrameworksBuildPhase;
			buildActionMask = 2147483647;
			files = (
			);
			runOnlyForDeploymentPostprocessing = 0;
		};
		1FCFA2972C319FDB00B7215A /* Frameworks */ = {
			isa = PBXFrameworksBuildPhase;
			buildActionMask = 2147483647;
			files = (
			);
			runOnlyForDeploymentPostprocessing = 0;
		};
/* End PBXFrameworksBuildPhase section */

/* Begin PBXGroup section */
		1FBE563F2C36FCAC003FD404 /* Images */ = {
			isa = PBXGroup;
			children = (
			);
			path = Images;
			sourceTree = "<group>";
		};
		1FCFA2772C319FDA00B7215A = {
			isa = PBXGroup;
			children = (
				1FCFA2822C319FDA00B7215A /* RocketLauncher */,
				1FCFA2932C319FDB00B7215A /* RocketLauncherTests */,
				1FCFA29D2C319FDB00B7215A /* RocketLauncherUITests */,
				1FCFA2812C319FDA00B7215A /* Products */,
			);
			sourceTree = "<group>";
		};
		1FCFA2812C319FDA00B7215A /* Products */ = {
			isa = PBXGroup;
			children = (
				1FCFA2802C319FDA00B7215A /* RocketLauncher.app */,
				1FCFA2902C319FDB00B7215A /* RocketLauncherTests.xctest */,
				1FCFA29A2C319FDB00B7215A /* RocketLauncherUITests.xctest */,
			);
			name = Products;
			sourceTree = "<group>";
		};
		1FCFA2822C319FDA00B7215A /* RocketLauncher */ = {
			isa = PBXGroup;
			children = (
				1F02EA1C2C31A13700A92002 /* Launch.swift */,
				1FCFA2832C319FDA00B7215A /* RocketLauncherApp.swift */,
				1FCFA2852C319FDA00B7215A /* ContentView.swift */,
				1FCFA2872C319FDB00B7215A /* Assets.xcassets */,
				1FBE563F2C36FCAC003FD404 /* Images */,
				1FCFA2892C319FDB00B7215A /* Preview Content */,
				1F02EA182C31A04B00A92002 /* LaunchButton.swift */,
				1F02EA1A2C31A0D000A92002 /* CountDownIndicator.swift */,
			);
			path = RocketLauncher;
			sourceTree = "<group>";
		};
		1FCFA2892C319FDB00B7215A /* Preview Content */ = {
			isa = PBXGroup;
			children = (
				1FCFA28A2C319FDB00B7215A /* Preview Assets.xcassets */,
			);
			path = "Preview Content";
			sourceTree = "<group>";
		};
		1FCFA2932C319FDB00B7215A /* RocketLauncherTests */ = {
			isa = PBXGroup;
			children = (
				1FCFA2942C319FDB00B7215A /* RocketLauncherTests.swift */,
			);
			path = RocketLauncherTests;
			sourceTree = "<group>";
		};
		1FCFA29D2C319FDB00B7215A /* RocketLauncherUITests */ = {
			isa = PBXGroup;
			children = (
				1FCFA29E2C319FDC00B7215A /* RocketLauncherUITests.swift */,
				1FCFA2A02C319FDC00B7215A /* RocketLauncherUITestsLaunchTests.swift */,
			);
			path = RocketLauncherUITests;
			sourceTree = "<group>";
		};
/* End PBXGroup section */

/* Begin PBXNativeTarget section */
		1FCFA27F2C319FDA00B7215A /* RocketLauncher */ = {
			isa = PBXNativeTarget;
			buildConfigurationList = 1FCFA2A42C319FDC00B7215A /* Build configuration list for PBXNativeTarget "RocketLauncher" */;
			buildPhases = (
				1FCFA27C2C319FDA00B7215A /* Sources */,
				1FCFA27D2C319FDA00B7215A /* Frameworks */,
				1FCFA27E2C319FDA00B7215A /* Resources */,
			);
			buildRules = (
			);
			dependencies = (
			);
			name = RocketLauncher;
			productName = RocketLauncher;
			productReference = 1FCFA2802C319FDA00B7215A /* RocketLauncher.app */;
			productType = "com.apple.product-type.application";
		};
		1FCFA28F2C319FDB00B7215A /* RocketLauncherTests */ = {
			isa = PBXNativeTarget;
			buildConfigurationList = 1FCFA2A72C319FDC00B7215A /* Build configuration list for PBXNativeTarget "RocketLauncherTests" */;
			buildPhases = (
				1FCFA28C2C319FDB00B7215A /* Sources */,
				1FCFA28D2C319FDB00B7215A /* Frameworks */,
				1FCFA28E2C319FDB00B7215A /* Resources */,
			);
			buildRules = (
			);
			dependencies = (
				1FCFA2922C319FDB00B7215A /* PBXTargetDependency */,
			);
			name = RocketLauncherTests;
			productName = RocketLauncherTests;
			productReference = 1FCFA2902C319FDB00B7215A /* RocketLauncherTests.xctest */;
			productType = "com.apple.product-type.bundle.unit-test";
		};
		1FCFA2992C319FDB00B7215A /* RocketLauncherUITests */ = {
			isa = PBXNativeTarget;
			buildConfigurationList = 1FCFA2AA2C319FDC00B7215A /* Build configuration list for PBXNativeTarget "RocketLauncherUITests" */;
			buildPhases = (
				1FCFA2962C319FDB00B7215A /* Sources */,
				1FCFA2972C319FDB00B7215A /* Frameworks */,
				1FCFA2982C319FDB00B7215A /* Resources */,
			);
			buildRules = (
			);
			dependencies = (
				1FCFA29C2C319FDB00B7215A /* PBXTargetDependency */,
			);
			name = RocketLauncherUITests;
			productName = RocketLauncherUITests;
			productReference = 1FCFA29A2C319FDB00B7215A /* RocketLauncherUITests.xctest */;
			productType = "com.apple.product-type.bundle.ui-testing";
		};
/* End PBXNativeTarget section */

/* Begin PBXProject section */
		1FCFA2782C319FDA00B7215A /* Project object */ = {
			isa = PBXProject;
			attributes = {
				BuildIndependentTargetsInParallel = 1;
				LastSwiftUpdateCheck = 1540;
				LastUpgradeCheck = 1540;
				TargetAttributes = {
					1FCFA27F2C319FDA00B7215A = {
						CreatedOnToolsVersion = 15.4;
					};
					1FCFA28F2C319FDB00B7215A = {
						CreatedOnToolsVersion = 15.4;
						TestTargetID = 1FCFA27F2C319FDA00B7215A;
					};
					1FCFA2992C319FDB00B7215A = {
						CreatedOnToolsVersion = 15.4;
						TestTargetID = 1FCFA27F2C319FDA00B7215A;
					};
				};
			};
			buildConfigurationList = 1FCFA27B2C319FDA00B7215A /* Build configuration list for PBXProject "RocketLauncher" */;
			compatibilityVersion = "Xcode 14.0";
			developmentRegion = en;
			hasScannedForEncodings = 0;
			knownRegions = (
				en,
				Base,
			);
			mainGroup = 1FCFA2772C319FDA00B7215A;
			productRefGroup = 1FCFA2812C319FDA00B7215A /* Products */;
			projectDirPath = "";
			projectRoot = "";
			targets = (
				1FCFA27F2C319FDA00B7215A /* RocketLauncher */,
				1FCFA28F2C319FDB00B7215A /* RocketLauncherTests */,
				1FCFA2992C319FDB00B7215A /* RocketLauncherUITests */,
			);
		};
/* End PBXProject section */

/* Begin PBXResourcesBuildPhase section */
		1FCFA27E2C319FDA00B7215A /* Resources */ = {
			isa = PBXResourcesBuildPhase;
			buildActionMask = 2147483647;
			files = (
				1FCFA28B2C319FDB00B7215A /* Preview Assets.xcassets in Resources */,
				1FCFA2882C319FDB00B7215A /* Assets.xcassets in Resources */,
			);
			runOnlyForDeploymentPostprocessing = 0;
		};
		1FCFA28E2C319FDB00B7215A /* Resources */ = {
			isa = PBXResourcesBuildPhase;
			buildActionMask = 2147483647;
			files = (
			);
			runOnlyForDeploymentPostprocessing = 0;
		};
		1FCFA2982C319FDB00B7215A /* Resources */ = {
			isa = PBXResourcesBuildPhase;
			buildActionMask = 2147483647;
			files = (
			);
			runOnlyForDeploymentPostprocessing = 0;
		};
/* End PBXResourcesBuildPhase section */

/* Begin PBXSourcesBuildPhase section */
		1FCFA27C2C319FDA00B7215A /* Sources */ = {
			isa = PBXSourcesBuildPhase;
			buildActionMask = 2147483647;
			files = (
				1FCFA2862C319FDA00B7215A /* ContentView.swift in Sources */,
				1F02EA1B2C31A0D000A92002 /* CountDownIndicator.swift in Sources */,
				1FCFA2842C319FDA00B7215A /* RocketLauncherApp.swift in Sources */,
				1F02EA1D2C31A13700A92002 /* Launch.swift in Sources */,
				1F02EA192C31A04B00A92002 /* LaunchButton.swift in Sources */,
			);
			runOnlyForDeploymentPostprocessing = 0;
		};
		1FCFA28C2C319FDB00B7215A /* Sources */ = {
			isa = PBXSourcesBuildPhase;
			buildActionMask = 2147483647;
			files = (
				1FCFA2952C319FDB00B7215A /* RocketLauncherTests.swift in Sources */,
			);
			runOnlyForDeploymentPostprocessing = 0;
		};
		1FCFA2962C319FDB00B7215A /* Sources */ = {
			isa = PBXSourcesBuildPhase;
			buildActionMask = 2147483647;
			files = (
				1FCFA2A12C319FDC00B7215A /* RocketLauncherUITestsLaunchTests.swift in Sources */,
				1FCFA29F2C319FDC00B7215A /* RocketLauncherUITests.swift in Sources */,
			);
			runOnlyForDeploymentPostprocessing = 0;
		};
/* End PBXSourcesBuildPhase section */

/* Begin PBXTargetDependency section */
		1FCFA2922C319FDB00B7215A /* PBXTargetDependency */ = {
			isa = PBXTargetDependency;
			target = 1FCFA27F2C319FDA00B7215A /* RocketLauncher */;
			targetProxy = 1FCFA2912C319FDB00B7215A /* PBXContainerItemProxy */;
		};
		1FCFA29C2C319FDB00B7215A /* PBXTargetDependency */ = {
			isa = PBXTargetDependency;
			target = 1FCFA27F2C319FDA00B7215A /* RocketLauncher */;
			targetProxy = 1FCFA29B2C319FDB00B7215A /* PBXContainerItemProxy */;
		};
/* End PBXTargetDependency section */

/* Begin XCBuildConfiguration section */
		1FCFA2A22C319FDC00B7215A /* Debug */ = {
			isa = XCBuildConfiguration;
			buildSettings = {
				ALWAYS_SEARCH_USER_PATHS = NO;
				ASSETCATALOG_COMPILER_GENERATE_SWIFT_ASSET_SYMBOL_EXTENSIONS = YES;
				CLANG_ANALYZER_NONNULL = YES;
				CLANG_ANALYZER_NUMBER_OBJECT_CONVERSION = YES_AGGRESSIVE;
				CLANG_CXX_LANGUAGE_STANDARD = "gnu++20";
				CLANG_ENABLE_MODULES = YES;
				CLANG_ENABLE_OBJC_ARC = YES;
				CLANG_ENABLE_OBJC_WEAK = YES;
				CLANG_WARN_BLOCK_CAPTURE_AUTORELEASING = YES;
				CLANG_WARN_BOOL_CONVERSION = YES;
				CLANG_WARN_COMMA = YES;
				CLANG_WARN_CONSTANT_CONVERSION = YES;
				CLANG_WARN_DEPRECATED_OBJC_IMPLEMENTATIONS = YES;
				CLANG_WARN_DIRECT_OBJC_ISA_USAGE = YES_ERROR;
				CLANG_WARN_DOCUMENTATION_COMMENTS = YES;
				CLANG_WARN_EMPTY_BODY = YES;
				CLANG_WARN_ENUM_CONVERSION = YES;
				CLANG_WARN_INFINITE_RECURSION = YES;
				CLANG_WARN_INT_CONVERSION = YES;
				CLANG_WARN_NON_LITERAL_NULL_CONVERSION = YES;
				CLANG_WARN_OBJC_IMPLICIT_RETAIN_SELF = YES;
				CLANG_WARN_OBJC_LITERAL_CONVERSION = YES;
				CLANG_WARN_OBJC_ROOT_CLASS = YES_ERROR;
				CLANG_WARN_QUOTED_INCLUDE_IN_FRAMEWORK_HEADER = YES;
				CLANG_WARN_RANGE_LOOP_ANALYSIS = YES;
				CLANG_WARN_STRICT_PROTOTYPES = YES;
				CLANG_WARN_SUSPICIOUS_MOVE = YES;
				CLANG_WARN_UNGUARDED_AVAILABILITY = YES_AGGRESSIVE;
				CLANG_WARN_UNREACHABLE_CODE = YES;
				CLANG_WARN__DUPLICATE_METHOD_MATCH = YES;
				COPY_PHASE_STRIP = NO;
				DEBUG_INFORMATION_FORMAT = dwarf;
				ENABLE_STRICT_OBJC_MSGSEND = YES;
				ENABLE_TESTABILITY = YES;
				ENABLE_USER_SCRIPT_SANDBOXING = YES;
				GCC_C_LANGUAGE_STANDARD = gnu17;
				GCC_DYNAMIC_NO_PIC = NO;
				GCC_NO_COMMON_BLOCKS = YES;
				GCC_OPTIMIZATION_LEVEL = 0;
				GCC_PREPROCESSOR_DEFINITIONS = (
					"DEBUG=1",
					"$(inherited)",
				);
				GCC_WARN_64_TO_32_BIT_CONVERSION = YES;
				GCC_WARN_ABOUT_RETURN_TYPE = YES_ERROR;
				GCC_WARN_UNDECLARED_SELECTOR = YES;
				GCC_WARN_UNINITIALIZED_AUTOS = YES_AGGRESSIVE;
				GCC_WARN_UNUSED_FUNCTION = YES;
				GCC_WARN_UNUSED_VARIABLE = YES;
				IPHONEOS_DEPLOYMENT_TARGET = 17.5;
				LOCALIZATION_PREFERS_STRING_CATALOGS = YES;
				MTL_ENABLE_DEBUG_INFO = INCLUDE_SOURCE;
				MTL_FAST_MATH = YES;
				ONLY_ACTIVE_ARCH = YES;
				SDKROOT = iphoneos;
				SWIFT_ACTIVE_COMPILATION_CONDITIONS = "DEBUG $(inherited)";
				SWIFT_OPTIMIZATION_LEVEL = "-Onone";
			};
			name = Debug;
		};
		1FCFA2A32C319FDC00B7215A /* Release */ = {
			isa = XCBuildConfiguration;
			buildSettings = {
				ALWAYS_SEARCH_USER_PATHS = NO;
				ASSETCATALOG_COMPILER_GENERATE_SWIFT_ASSET_SYMBOL_EXTENSIONS = YES;
				CLANG_ANALYZER_NONNULL = YES;
				CLANG_ANALYZER_NUMBER_OBJECT_CONVERSION = YES_AGGRESSIVE;
				CLANG_CXX_LANGUAGE_STANDARD = "gnu++20";
				CLANG_ENABLE_MODULES = YES;
				CLANG_ENABLE_OBJC_ARC = YES;
				CLANG_ENABLE_OBJC_WEAK = YES;
				CLANG_WARN_BLOCK_CAPTURE_AUTORELEASING = YES;
				CLANG_WARN_BOOL_CONVERSION = YES;
				CLANG_WARN_COMMA = YES;
				CLANG_WARN_CONSTANT_CONVERSION = YES;
				CLANG_WARN_DEPRECATED_OBJC_IMPLEMENTATIONS = YES;
				CLANG_WARN_DIRECT_OBJC_ISA_USAGE = YES_ERROR;
				CLANG_WARN_DOCUMENTATION_COMMENTS = YES;
				CLANG_WARN_EMPTY_BODY = YES;
				CLANG_WARN_ENUM_CONVERSION = YES;
				CLANG_WARN_INFINITE_RECURSION = YES;
				CLANG_WARN_INT_CONVERSION = YES;
				CLANG_WARN_NON_LITERAL_NULL_CONVERSION = YES;
				CLANG_WARN_OBJC_IMPLICIT_RETAIN_SELF = YES;
				CLANG_WARN_OBJC_LITERAL_CONVERSION = YES;
				CLANG_WARN_OBJC_ROOT_CLASS = YES_ERROR;
				CLANG_WARN_QUOTED_INCLUDE_IN_FRAMEWORK_HEADER = YES;
				CLANG_WARN_RANGE_LOOP_ANALYSIS = YES;
				CLANG_WARN_STRICT_PROTOTYPES = YES;
				CLANG_WARN_SUSPICIOUS_MOVE = YES;
				CLANG_WARN_UNGUARDED_AVAILABILITY = YES_AGGRESSIVE;
				CLANG_WARN_UNREACHABLE_CODE = YES;
				CLANG_WARN__DUPLICATE_METHOD_MATCH = YES;
				COPY_PHASE_STRIP = NO;
				DEBUG_INFORMATION_FORMAT = "dwarf-with-dsym";
				ENABLE_NS_ASSERTIONS = NO;
				ENABLE_STRICT_OBJC_MSGSEND = YES;
				ENABLE_USER_SCRIPT_SANDBOXING = YES;
				GCC_C_LANGUAGE_STANDARD = gnu17;
				GCC_NO_COMMON_BLOCKS = YES;
				GCC_WARN_64_TO_32_BIT_CONVERSION = YES;
				GCC_WARN_ABOUT_RETURN_TYPE = YES_ERROR;
				GCC_WARN_UNDECLARED_SELECTOR = YES;
				GCC_WARN_UNINITIALIZED_AUTOS = YES_AGGRESSIVE;
				GCC_WARN_UNUSED_FUNCTION = YES;
				GCC_WARN_UNUSED_VARIABLE = YES;
				IPHONEOS_DEPLOYMENT_TARGET = 17.5;
				LOCALIZATION_PREFERS_STRING_CATALOGS = YES;
				MTL_ENABLE_DEBUG_INFO = NO;
				MTL_FAST_MATH = YES;
				SDKROOT = iphoneos;
				SWIFT_COMPILATION_MODE = wholemodule;
				VALIDATE_PRODUCT = YES;
			};
			name = Release;
		};
		1FCFA2A52C319FDC00B7215A /* Debug */ = {
			isa = XCBuildConfiguration;
			buildSettings = {
				ASSETCATALOG_COMPILER_APPICON_NAME = AppIcon;
				ASSETCATALOG_COMPILER_GLOBAL_ACCENT_COLOR_NAME = AccentColor;
				CODE_SIGN_STYLE = Automatic;
				CURRENT_PROJECT_VERSION = 1;
				DEVELOPMENT_ASSET_PATHS = "\"RocketLauncher/Preview Content\"";
				DEVELOPMENT_TEAM = LH8R488V9H;
				ENABLE_PREVIEWS = YES;
				GENERATE_INFOPLIST_FILE = YES;
				INFOPLIST_KEY_UIApplicationSceneManifest_Generation = YES;
				INFOPLIST_KEY_UIApplicationSupportsIndirectInputEvents = YES;
				INFOPLIST_KEY_UILaunchScreen_Generation = YES;
				INFOPLIST_KEY_UISupportedInterfaceOrientations_iPad = "UIInterfaceOrientationPortrait UIInterfaceOrientationPortraitUpsideDown UIInterfaceOrientationLandscapeLeft UIInterfaceOrientationLandscapeRight";
				INFOPLIST_KEY_UISupportedInterfaceOrientations_iPhone = "UIInterfaceOrientationPortrait UIInterfaceOrientationLandscapeLeft UIInterfaceOrientationLandscapeRight";
				LD_RUNPATH_SEARCH_PATHS = (
					"$(inherited)",
					"@executable_path/Frameworks",
				);
				MARKETING_VERSION = 1.0;
				PRODUCT_BUNDLE_IDENTIFIER = com.cedarbrooklabs.RocketLauncher;
				PRODUCT_NAME = "$(TARGET_NAME)";
				SWIFT_EMIT_LOC_STRINGS = YES;
				SWIFT_VERSION = 5.0;
				TARGETED_DEVICE_FAMILY = "1,2";
			};
			name = Debug;
		};
		1FCFA2A62C319FDC00B7215A /* Release */ = {
			isa = XCBuildConfiguration;
			buildSettings = {
				ASSETCATALOG_COMPILER_APPICON_NAME = AppIcon;
				ASSETCATALOG_COMPILER_GLOBAL_ACCENT_COLOR_NAME = AccentColor;
				CODE_SIGN_STYLE = Automatic;
				CURRENT_PROJECT_VERSION = 1;
				DEVELOPMENT_ASSET_PATHS = "\"RocketLauncher/Preview Content\"";
				DEVELOPMENT_TEAM = LH8R488V9H;
				ENABLE_PREVIEWS = YES;
				GENERATE_INFOPLIST_FILE = YES;
				INFOPLIST_KEY_UIApplicationSceneManifest_Generation = YES;
				INFOPLIST_KEY_UIApplicationSupportsIndirectInputEvents = YES;
				INFOPLIST_KEY_UILaunchScreen_Generation = YES;
				INFOPLIST_KEY_UISupportedInterfaceOrientations_iPad = "UIInterfaceOrientationPortrait UIInterfaceOrientationPortraitUpsideDown UIInterfaceOrientationLandscapeLeft UIInterfaceOrientationLandscapeRight";
				INFOPLIST_KEY_UISupportedInterfaceOrientations_iPhone = "UIInterfaceOrientationPortrait UIInterfaceOrientationLandscapeLeft UIInterfaceOrientationLandscapeRight";
				LD_RUNPATH_SEARCH_PATHS = (
					"$(inherited)",
					"@executable_path/Frameworks",
				);
				MARKETING_VERSION = 1.0;
				PRODUCT_BUNDLE_IDENTIFIER = com.cedarbrooklabs.RocketLauncher;
				PRODUCT_NAME = "$(TARGET_NAME)";
				SWIFT_EMIT_LOC_STRINGS = YES;
				SWIFT_VERSION = 5.0;
				TARGETED_DEVICE_FAMILY = "1,2";
			};
			name = Release;
		};
		1FCFA2A82C319FDC00B7215A /* Debug */ = {
			isa = XCBuildConfiguration;
			buildSettings = {
				ALWAYS_EMBED_SWIFT_STANDARD_LIBRARIES = YES;
				BUNDLE_LOADER = "$(TEST_HOST)";
				CODE_SIGN_STYLE = Automatic;
				CURRENT_PROJECT_VERSION = 1;
				DEVELOPMENT_TEAM = LH8R488V9H;
				GENERATE_INFOPLIST_FILE = YES;
				IPHONEOS_DEPLOYMENT_TARGET = 17.5;
				MARKETING_VERSION = 1.0;
				PRODUCT_BUNDLE_IDENTIFIER = com.cedarbrooklabs.RocketLauncherTests;
				PRODUCT_NAME = "$(TARGET_NAME)";
				SWIFT_EMIT_LOC_STRINGS = NO;
				SWIFT_VERSION = 5.0;
				TARGETED_DEVICE_FAMILY = "1,2";
				TEST_HOST = "$(BUILT_PRODUCTS_DIR)/RocketLauncher.app/$(BUNDLE_EXECUTABLE_FOLDER_PATH)/RocketLauncher";
			};
			name = Debug;
		};
		1FCFA2A92C319FDC00B7215A /* Release */ = {
			isa = XCBuildConfiguration;
			buildSettings = {
				ALWAYS_EMBED_SWIFT_STANDARD_LIBRARIES = YES;
				BUNDLE_LOADER = "$(TEST_HOST)";
				CODE_SIGN_STYLE = Automatic;
				CURRENT_PROJECT_VERSION = 1;
				DEVELOPMENT_TEAM = LH8R488V9H;
				GENERATE_INFOPLIST_FILE = YES;
				IPHONEOS_DEPLOYMENT_TARGET = 17.5;
				MARKETING_VERSION = 1.0;
				PRODUCT_BUNDLE_IDENTIFIER = com.cedarbrooklabs.RocketLauncherTests;
				PRODUCT_NAME = "$(TARGET_NAME)";
				SWIFT_EMIT_LOC_STRINGS = NO;
				SWIFT_VERSION = 5.0;
				TARGETED_DEVICE_FAMILY = "1,2";
				TEST_HOST = "$(BUILT_PRODUCTS_DIR)/RocketLauncher.app/$(BUNDLE_EXECUTABLE_FOLDER_PATH)/RocketLauncher";
			};
			name = Release;
		};
		1FCFA2AB2C319FDC00B7215A /* Debug */ = {
			isa = XCBuildConfiguration;
			buildSettings = {
				ALWAYS_EMBED_SWIFT_STANDARD_LIBRARIES = YES;
				CODE_SIGN_STYLE = Automatic;
				CURRENT_PROJECT_VERSION = 1;
				DEVELOPMENT_TEAM = LH8R488V9H;
				GENERATE_INFOPLIST_FILE = YES;
				MARKETING_VERSION = 1.0;
				PRODUCT_BUNDLE_IDENTIFIER = com.cedarbrooklabs.RocketLauncherUITests;
				PRODUCT_NAME = "$(TARGET_NAME)";
				SWIFT_EMIT_LOC_STRINGS = NO;
				SWIFT_VERSION = 5.0;
				TARGETED_DEVICE_FAMILY = "1,2";
				TEST_TARGET_NAME = RocketLauncher;
			};
			name = Debug;
		};
		1FCFA2AC2C319FDC00B7215A /* Release */ = {
			isa = XCBuildConfiguration;
			buildSettings = {
				ALWAYS_EMBED_SWIFT_STANDARD_LIBRARIES = YES;
				CODE_SIGN_STYLE = Automatic;
				CURRENT_PROJECT_VERSION = 1;
				DEVELOPMENT_TEAM = LH8R488V9H;
				GENERATE_INFOPLIST_FILE = YES;
				MARKETING_VERSION = 1.0;
				PRODUCT_BUNDLE_IDENTIFIER = com.cedarbrooklabs.RocketLauncherUITests;
				PRODUCT_NAME = "$(TARGET_NAME)";
				SWIFT_EMIT_LOC_STRINGS = NO;
				SWIFT_VERSION = 5.0;
				TARGETED_DEVICE_FAMILY = "1,2";
				TEST_TARGET_NAME = RocketLauncher;
			};
			name = Release;
		};
/* End XCBuildConfiguration section */

/* Begin XCConfigurationList section */
		1FCFA27B2C319FDA00B7215A /* Build configuration list for PBXProject "RocketLauncher" */ = {
			isa = XCConfigurationList;
			buildConfigurations = (
				1FCFA2A22C319FDC00B7215A /* Debug */,
				1FCFA2A32C319FDC00B7215A /* Release */,
			);
			defaultConfigurationIsVisible = 0;
			defaultConfigurationName = Release;
		};
		1FCFA2A42C319FDC00B7215A /* Build configuration list for PBXNativeTarget "RocketLauncher" */ = {
			isa = XCConfigurationList;
			buildConfigurations = (
				1FCFA2A52C319FDC00B7215A /* Debug */,
				1FCFA2A62C319FDC00B7215A /* Release */,
			);
			defaultConfigurationIsVisible = 0;
			defaultConfigurationName = Release;
		};
		1FCFA2A72C319FDC00B7215A /* Build configuration list for PBXNativeTarget "RocketLauncherTests" */ = {
			isa = XCConfigurationList;
			buildConfigurations = (
				1FCFA2A82C319FDC00B7215A /* Debug */,
				1FCFA2A92C319FDC00B7215A /* Release */,
			);
			defaultConfigurationIsVisible = 0;
			defaultConfigurationName = Release;
		};
		1FCFA2AA2C319FDC00B7215A /* Build configuration list for PBXNativeTarget "RocketLauncherUITests" */ = {
			isa = XCConfigurationList;
			buildConfigurations = (
				1FCFA2AB2C319FDC00B7215A /* Debug */,
				1FCFA2AC2C319FDC00B7215A /* Release */,
			);
			defaultConfigurationIsVisible = 0;
			defaultConfigurationName = Release;
		};
/* End XCConfigurationList section */
	};
	rootObject = 1FCFA2782C319FDA00B7215A /* Project object */;
}
