<?xml version="1.0" encoding="UTF-8"?>
<Scheme
   version = "1.3">
   <BuildAction>
      <BuildActionEntries>
         <BuildActionEntry
            buildForRunning = "YES">
            <BuildableReference
               BuildableIdentifier = "primary"
               BlueprintIdentifier = "1FCFA27F2C319FDA00B7215A"
               BuildableName = "RocketLauncher.app"
               BlueprintName = "RocketLauncher"
               ReferencedContainer = "container:RocketLauncher.xcodeproj">
            </BuildableReference>
         </BuildActionEntry>
      </BuildActionEntries>
   </BuildAction>
   <LaunchAction
      useCustomWorkingDirectory = "NO"
      buildConfiguration = "Debug"
      allowLocationSimulation = "YES">
      <BuildableProductRunnable>
         <BuildableReference
            BuildableIdentifier = "primary"
            BlueprintIdentifier = "1FCFA27F2C319FDA00B7215A"
            BuildableName = "RocketLauncher.app"
            BlueprintName = "RocketLauncher"
            ReferencedContainer = "container:RocketLauncher.xcodeproj">
         </BuildableReference>
      </BuildableProductRunnable>
   </LaunchAction>
</Scheme>
